Microsoft Visual Studio Solution File, Format Version 12.00
# Visual Studio Version 17
VisualStudioVersion = 17.14.36623.8
MinimumVisualStudioVersion = 10.0.40219.1
Project("{FAE04EC0-301F-11D3-BF4B-00C04F79EFBC}") = "GSharp.Testbed", "GSharp.Testbed\GSharp.Testbed.csproj", "{9FD86183-E5FB-4D1E-8F8D-E0F93D7D0973}"
EndProject
Project("{FAE04EC0-301F-11D3-BF4B-00C04F79EFBC}") = "GSharp.PythonRegressionAnalysis", "GSharp.PythonRegressionAnalysis\GSharp.PythonRegressionAnalysis.csproj", "{B1DEC89E-9885-410A-A8AE-5133488EBF69}"
EndProject
Global
	GlobalSection(SolutionConfigurationPlatforms) = preSolution
		Debug|Any CPU = Debug|Any CPU
		Release|Any CPU = Release|Any CPU
	EndGlobalSection
	GlobalSection(ProjectConfigurationPlatforms) = postSolution
		{9FD86183-E5FB-4D1E-8F8D-E0F93D7D0973}.Debug|Any CPU.ActiveCfg = Debug|Any CPU
		{9FD86183-E5FB-4D1E-8F8D-E0F93D7D0973}.Debug|Any CPU.Build.0 = Debug|Any CPU
		{9FD86183-E5FB-4D1E-8F8D-E0F93D7D0973}.Release|Any CPU.ActiveCfg = Release|Any CPU
		{9FD86183-E5FB-4D1E-8F8D-E0F93D7D0973}.Release|Any CPU.Build.0 = Release|Any CPU
		{B1DEC89E-9885-410A-A8AE-5133488EBF69}.Debug|Any CPU.ActiveCfg = Debug|Any CPU
		{B1DEC89E-9885-410A-A8AE-5133488EBF69}.Debug|Any CPU.Build.0 = Debug|Any CPU
		{B1DEC89E-9885-410A-A8AE-5133488EBF69}.Release|Any CPU.ActiveCfg = Release|Any CPU
		{B1DEC89E-9885-410A-A8AE-5133488EBF69}.Release|Any CPU.Build.0 = Release|Any CPU
	EndGlobalSection
	GlobalSection(SolutionProperties) = preSolution
		HideSolutionNode = FALSE
	EndGlobalSection
	GlobalSection(ExtensibilityGlobals) = postSolution
		SolutionGuid = {BD933031-2CA6-4F21-BF08-44D4105C2DEE}
	EndGlobalSection
EndGlobal
