
Microsoft Visual Studio Solution File, Format Version 12.00
# Visual Studio Version 17
VisualStudioVersion = 17.14.36327.8
MinimumVisualStudioVersion = 10.0.40219.1
Project("{FAE04EC0-301F-11D3-BF4B-00C04F79EFBC}") = "GSharp.Testbed", "GSharp.Testbed\GSharp.Testbed.csproj", "{E5B778E9-6E72-4177-8A37-899E56EA79FC}"
EndProject
Project("{FAE04EC0-301F-11D3-BF4B-00C04F79EFBC}") = "GSharp.PythonRegressionAnalysis", "GSharp.PythonRegressionAnalysis\GSharp.PythonRegressionAnalysis.csproj", "{DEB78480-D817-448B-A28E-70F0B89254A3}"
EndProject
Global
	GlobalSection(SolutionConfigurationPlatforms) = preSolution
		Debug|Any CPU = Debug|Any CPU
		Debug|x64 = Debug|x64
		Release|Any CPU = Release|Any CPU
		Release|x64 = Release|x64
	EndGlobalSection
	GlobalSection(ProjectConfigurationPlatforms) = postSolution
		{E5B778E9-6E72-4177-8A37-899E56EA79FC}.Debug|Any CPU.ActiveCfg = Debug|Any CPU
		{E5B778E9-6E72-4177-8A37-899E56EA79FC}.Debug|Any CPU.Build.0 = Debug|Any CPU
		{E5B778E9-6E72-4177-8A37-899E56EA79FC}.Debug|x64.ActiveCfg = Debug|x64
		{E5B778E9-6E72-4177-8A37-899E56EA79FC}.Debug|x64.Build.0 = Debug|x64
		{E5B778E9-6E72-4177-8A37-899E56EA79FC}.Release|Any CPU.ActiveCfg = Release|Any CPU
		{E5B778E9-6E72-4177-8A37-899E56EA79FC}.Release|Any CPU.Build.0 = Release|Any CPU
		{E5B778E9-6E72-4177-8A37-899E56EA79FC}.Release|x64.ActiveCfg = Release|x64
		{E5B778E9-6E72-4177-8A37-899E56EA79FC}.Release|x64.Build.0 = Release|x64
		{DEB78480-D817-448B-A28E-70F0B89254A3}.Debug|Any CPU.ActiveCfg = Debug|Any CPU
		{DEB78480-D817-448B-A28E-70F0B89254A3}.Debug|Any CPU.Build.0 = Debug|Any CPU
		{DEB78480-D817-448B-A28E-70F0B89254A3}.Debug|x64.ActiveCfg = Debug|x64
		{DEB78480-D817-448B-A28E-70F0B89254A3}.Debug|x64.Build.0 = Debug|x64
		{DEB78480-D817-448B-A28E-70F0B89254A3}.Release|Any CPU.ActiveCfg = Release|Any CPU
		{DEB78480-D817-448B-A28E-70F0B89254A3}.Release|Any CPU.Build.0 = Release|Any CPU
		{DEB78480-D817-448B-A28E-70F0B89254A3}.Release|x64.ActiveCfg = Release|x64
		{DEB78480-D817-448B-A28E-70F0B89254A3}.Release|x64.Build.0 = Release|x64
	EndGlobalSection
	GlobalSection(SolutionProperties) = preSolution
		HideSolutionNode = FALSE
	EndGlobalSection
	GlobalSection(ExtensibilityGlobals) = postSolution
		SolutionGuid = {3F689EEC-93E1-4501-8F25-D1E2DB1B3E01}
	EndGlobalSection
EndGlobal
